{
  "name": "other-app",
  "version": "1.0.0",
  "lockfileVersion": 1,
  "requires": true,
  "dependencies": {
    "@lukaw3d/try-github-actions": {
      "version": "1.0.0",
      "resolved": "https://npm.pkg.github.com/download/@lukaw3d/try-github-actions/1.0.0/8337ad2faea0110f3970862b63cdff9611b304c3c2aa4f7490cfa7be6f739993",
      "integrity": "sha512-3ZtFdEyFi71iqbXDOK5XFhsC7ZoNCwUjsogBeaqbAhmMzpqCWx64++oGFwEJlsEPoeno1ApXuVwyc81DeumhYA=="
    }
  }
}
